
Microsoft Visual Studio Solution File, Format Version 12.00
# Visual Studio Version 17
VisualStudioVersion = 17.4.33122.133
MinimumVisualStudioVersion = 10.0.40219.1
Project("{9A19103F-16F7-4668-BE54-9A1E7A4F7556}") = "DuckTrainer", "DuckTrainer\DuckTrainer.csproj", "{CA2D406B-45BB-4768-95D9-626568347B61}"
EndProject
Project("{2150E333-8FDC-42A3-9474-1A3956D46DE8}") = "Solution Items", "Solution Items", "{2C8A9316-6C2D-44F3-AC51-C3FD816E67DA}"
	ProjectSection(SolutionItems) = preProject
		directory.build.props = directory.build.props
		Readme.md = Readme.md
	EndProjectSection
EndProject
Project("{9A19103F-16F7-4668-BE54-9A1E7A4F7556}") = "CustomDucks", "CustomDucks\CustomDucks.csproj", "{182DFBE3-BAA2-4949-BF94-D99B90C1514F}"
EndProject
Project("{9A19103F-16F7-4668-BE54-9A1E7A4F7556}") = "EventReenable", "EventReenable\EventReenable.csproj", "{76692DF6-8A3D-48AD-9A3B-4A7CC5EF8CA4}"
EndProject
Project("{9A19103F-16F7-4668-BE54-9A1E7A4F7556}") = "CustomNames", "CustomNames\CustomNames.csproj", "{2DD7170A-80B7-4A26-B7BD-A3D23BAA0833}"
EndProject
Global
	GlobalSection(SolutionConfigurationPlatforms) = preSolution
		Debug|Any CPU = Debug|Any CPU
		Release|Any CPU = Release|Any CPU
	EndGlobalSection
	GlobalSection(ProjectConfigurationPlatforms) = postSolution
		{CA2D406B-45BB-4768-95D9-626568347B61}.Debug|Any CPU.ActiveCfg = Debug|Any CPU
		{CA2D406B-45BB-4768-95D9-626568347B61}.Debug|Any CPU.Build.0 = Debug|Any CPU
		{CA2D406B-45BB-4768-95D9-626568347B61}.Release|Any CPU.ActiveCfg = Release|Any CPU
		{CA2D406B-45BB-4768-95D9-626568347B61}.Release|Any CPU.Build.0 = Release|Any CPU
		{182DFBE3-BAA2-4949-BF94-D99B90C1514F}.Debug|Any CPU.ActiveCfg = Debug|Any CPU
		{182DFBE3-BAA2-4949-BF94-D99B90C1514F}.Debug|Any CPU.Build.0 = Debug|Any CPU
		{182DFBE3-BAA2-4949-BF94-D99B90C1514F}.Release|Any CPU.ActiveCfg = Release|Any CPU
		{182DFBE3-BAA2-4949-BF94-D99B90C1514F}.Release|Any CPU.Build.0 = Release|Any CPU
		{76692DF6-8A3D-48AD-9A3B-4A7CC5EF8CA4}.Debug|Any CPU.ActiveCfg = Debug|Any CPU
		{76692DF6-8A3D-48AD-9A3B-4A7CC5EF8CA4}.Debug|Any CPU.Build.0 = Debug|Any CPU
		{76692DF6-8A3D-48AD-9A3B-4A7CC5EF8CA4}.Release|Any CPU.ActiveCfg = Release|Any CPU
		{76692DF6-8A3D-48AD-9A3B-4A7CC5EF8CA4}.Release|Any CPU.Build.0 = Release|Any CPU
		{2DD7170A-80B7-4A26-B7BD-A3D23BAA0833}.Debug|Any CPU.ActiveCfg = Debug|Any CPU
		{2DD7170A-80B7-4A26-B7BD-A3D23BAA0833}.Debug|Any CPU.Build.0 = Debug|Any CPU
		{2DD7170A-80B7-4A26-B7BD-A3D23BAA0833}.Release|Any CPU.ActiveCfg = Release|Any CPU
		{2DD7170A-80B7-4A26-B7BD-A3D23BAA0833}.Release|Any CPU.Build.0 = Release|Any CPU
	EndGlobalSection
	GlobalSection(SolutionProperties) = preSolution
		HideSolutionNode = FALSE
	EndGlobalSection
	GlobalSection(ExtensibilityGlobals) = postSolution
		SolutionGuid = {7B505CCC-B01D-401A-B584-218ED263EDD3}
	EndGlobalSection
EndGlobal
